
Microsoft Visual Studio Solution File, Format Version 12.00
# Visual Studio Version 17
VisualStudioVersion = 17.0.31903.59
MinimumVisualStudioVersion = 10.0.40219.1
Project("{2150E333-8FDC-42A3-9474-1A3956D46DE8}") = "services", "services", "{5FBBFBEC-BC79-4C5D-9881-D1C197857E22}"
EndProject
Project("{2150E333-8FDC-42A3-9474-1A3956D46DE8}") = "shared", "shared", "{EC2B7A80-1A93-460C-A2B4-3AB0EA09FF0D}"
EndProject
Project("{FAE04EC0-301F-11D3-BF4B-00C04F79EFBC}") = "ExamOnAbp.Shared.Hosting", "shared\ExamOnAbp.Shared.Hosting\ExamOnAbp.Shared.Hosting.csproj", "{5D8B4601-F16C-429D-A8BD-0B74442CE956}"
EndProject
Project("{FAE04EC0-301F-11D3-BF4B-00C04F79EFBC}") = "ExamOnAbp.Shared.Localization", "shared\ExamOnAbp.Shared.Localization\ExamOnAbp.Shared.Localization.csproj", "{601991E4-267C-4260-BE8E-356D83E7CF80}"
EndProject
Project("{FAE04EC0-301F-11D3-BF4B-00C04F79EFBC}") = "ExamOnAbp.Shared.Hosting.AspNetCore", "shared\ExamOnAbp.Shared.Hosting.AspNetCore\ExamOnAbp.Shared.Hosting.AspNetCore.csproj", "{136C836A-EF76-4D90-91C6-F3BE6937FB65}"
EndProject
Project("{FAE04EC0-301F-11D3-BF4B-00C04F79EFBC}") = "ExamOnAbp.Shared.Hosting.Gateways", "shared\ExamOnAbp.Shared.Hosting.Gateways\ExamOnAbp.Shared.Hosting.Gateways.csproj", "{CB86CFF7-9AB7-4638-9616-777717AC8576}"
EndProject
Project("{FAE04EC0-301F-11D3-BF4B-00C04F79EFBC}") = "ExamOnAbp.Shared.Hosting.Microservices", "shared\ExamOnAbp.Shared.Hosting.Microservices\ExamOnAbp.Shared.Hosting.Microservices.csproj", "{5FA4C616-8681-4841-A299-2DA174E1B98C}"
EndProject
Project("{FAE04EC0-301F-11D3-BF4B-00C04F79EFBC}") = "ExamOnAbp.Keycloak.DbMigrator", "shared\ExamOnAbp.Keycloak.DbMigrator\ExamOnAbp.Keycloak.DbMigrator.csproj", "{EBEA3403-ED52-4913-8282-7788C75D1FD1}"
EndProject
Project("{2150E333-8FDC-42A3-9474-1A3956D46DE8}") = "aspire", "aspire", "{BF5FF086-DB65-40CE-92B6-3511D10C6E36}"
EndProject
Project("{2150E333-8FDC-42A3-9474-1A3956D46DE8}") = "Administration", "Administration", "{ADA205C0-38EA-4808-B200-1D6F1B25016C}"
EndProject
Project("{2150E333-8FDC-42A3-9474-1A3956D46DE8}") = "src", "src", "{33955C24-D4D0-461F-9525-6C3F474F904A}"
EndProject
Project("{FAE04EC0-301F-11D3-BF4B-00C04F79EFBC}") = "ExamOnAbp.AdministrationService.Application", "services\Administration\src\ExamOnAbp.AdministrationService.Application\ExamOnAbp.AdministrationService.Application.csproj", "{522CB709-F116-4FD8-97CE-013AC349FC20}"
EndProject
Project("{FAE04EC0-301F-11D3-BF4B-00C04F79EFBC}") = "ExamOnAbp.AdministrationService.Application.Contracts", "services\Administration\src\ExamOnAbp.AdministrationService.Application.Contracts\ExamOnAbp.AdministrationService.Application.Contracts.csproj", "{9AB680C4-1068-4891-B53A-383C814568EF}"
EndProject
Project("{FAE04EC0-301F-11D3-BF4B-00C04F79EFBC}") = "ExamOnAbp.AdministrationService.Domain", "services\Administration\src\ExamOnAbp.AdministrationService.Domain\ExamOnAbp.AdministrationService.Domain.csproj", "{9A3EED22-CD45-46F3-ABCB-4866433C9966}"
EndProject
Project("{FAE04EC0-301F-11D3-BF4B-00C04F79EFBC}") = "ExamOnAbp.AdministrationService.Domain.Shared", "services\Administration\src\ExamOnAbp.AdministrationService.Domain.Shared\ExamOnAbp.AdministrationService.Domain.Shared.csproj", "{B12F9AC1-8155-4266-B4A6-0115C8AF5525}"
EndProject
Project("{FAE04EC0-301F-11D3-BF4B-00C04F79EFBC}") = "ExamOnAbp.AdministrationService.EntityFrameworkCore", "services\Administration\src\ExamOnAbp.AdministrationService.EntityFrameworkCore\ExamOnAbp.AdministrationService.EntityFrameworkCore.csproj", "{1F76D9CA-8AD1-45F9-A9BA-5E91C474C593}"
EndProject
Project("{FAE04EC0-301F-11D3-BF4B-00C04F79EFBC}") = "ExamOnAbp.AdministrationService.HttpApi", "services\Administration\src\ExamOnAbp.AdministrationService.HttpApi\ExamOnAbp.AdministrationService.HttpApi.csproj", "{AA08ABB0-085E-4222-B6BF-7A116C32DA62}"
EndProject
Project("{FAE04EC0-301F-11D3-BF4B-00C04F79EFBC}") = "ExamOnAbp.AdministrationService.HttpApi.Client", "services\Administration\src\ExamOnAbp.AdministrationService.HttpApi.Client\ExamOnAbp.AdministrationService.HttpApi.Client.csproj", "{CE5DE1C7-A09A-4491-9953-CB49EBE678F4}"
EndProject
Project("{FAE04EC0-301F-11D3-BF4B-00C04F79EFBC}") = "ExamOnAbp.AdministrationServiceHttpApi.Host", "services\Administration\src\ExamOnAbp.AdministrationServiceHttpApi.Host\ExamOnAbp.AdministrationServiceHttpApi.Host.csproj", "{84BB31ED-5F68-4040-BD7A-5B95288C4BF6}"
EndProject
Project("{FAE04EC0-301F-11D3-BF4B-00C04F79EFBC}") = "ExamOnAbp.AppHost", "aspire\ExamOnAbp.AppHost\ExamOnAbp.AppHost.csproj", "{61828CBB-2060-436E-B33E-E66E821631C8}"
EndProject
Project("{FAE04EC0-301F-11D3-BF4B-00C04F79EFBC}") = "ExamOnAbp.ServiceDefaults", "aspire\ExamOnAbp.ServiceDefaults\ExamOnAbp.ServiceDefaults.csproj", "{79A8DC26-E3CA-4907-81D7-190F6041C3A5}"
EndProject
Global
	GlobalSection(SolutionConfigurationPlatforms) = preSolution
		Debug|Any CPU = Debug|Any CPU
		Release|Any CPU = Release|Any CPU
	EndGlobalSection
	GlobalSection(ProjectConfigurationPlatforms) = postSolution
		{5D8B4601-F16C-429D-A8BD-0B74442CE956}.Debug|Any CPU.ActiveCfg = Debug|Any CPU
		{5D8B4601-F16C-429D-A8BD-0B74442CE956}.Debug|Any CPU.Build.0 = Debug|Any CPU
		{5D8B4601-F16C-429D-A8BD-0B74442CE956}.Release|Any CPU.ActiveCfg = Release|Any CPU
		{5D8B4601-F16C-429D-A8BD-0B74442CE956}.Release|Any CPU.Build.0 = Release|Any CPU
		{601991E4-267C-4260-BE8E-356D83E7CF80}.Debug|Any CPU.ActiveCfg = Debug|Any CPU
		{601991E4-267C-4260-BE8E-356D83E7CF80}.Debug|Any CPU.Build.0 = Debug|Any CPU
		{601991E4-267C-4260-BE8E-356D83E7CF80}.Release|Any CPU.ActiveCfg = Release|Any CPU
		{601991E4-267C-4260-BE8E-356D83E7CF80}.Release|Any CPU.Build.0 = Release|Any CPU
		{136C836A-EF76-4D90-91C6-F3BE6937FB65}.Debug|Any CPU.ActiveCfg = Debug|Any CPU
		{136C836A-EF76-4D90-91C6-F3BE6937FB65}.Debug|Any CPU.Build.0 = Debug|Any CPU
		{136C836A-EF76-4D90-91C6-F3BE6937FB65}.Release|Any CPU.ActiveCfg = Release|Any CPU
		{136C836A-EF76-4D90-91C6-F3BE6937FB65}.Release|Any CPU.Build.0 = Release|Any CPU
		{CB86CFF7-9AB7-4638-9616-777717AC8576}.Debug|Any CPU.ActiveCfg = Debug|Any CPU
		{CB86CFF7-9AB7-4638-9616-777717AC8576}.Debug|Any CPU.Build.0 = Debug|Any CPU
		{CB86CFF7-9AB7-4638-9616-777717AC8576}.Release|Any CPU.ActiveCfg = Release|Any CPU
		{CB86CFF7-9AB7-4638-9616-777717AC8576}.Release|Any CPU.Build.0 = Release|Any CPU
		{5FA4C616-8681-4841-A299-2DA174E1B98C}.Debug|Any CPU.ActiveCfg = Debug|Any CPU
		{5FA4C616-8681-4841-A299-2DA174E1B98C}.Debug|Any CPU.Build.0 = Debug|Any CPU
		{5FA4C616-8681-4841-A299-2DA174E1B98C}.Release|Any CPU.ActiveCfg = Release|Any CPU
		{5FA4C616-8681-4841-A299-2DA174E1B98C}.Release|Any CPU.Build.0 = Release|Any CPU
		{EBEA3403-ED52-4913-8282-7788C75D1FD1}.Debug|Any CPU.ActiveCfg = Debug|Any CPU
		{EBEA3403-ED52-4913-8282-7788C75D1FD1}.Debug|Any CPU.Build.0 = Debug|Any CPU
		{EBEA3403-ED52-4913-8282-7788C75D1FD1}.Release|Any CPU.ActiveCfg = Release|Any CPU
		{EBEA3403-ED52-4913-8282-7788C75D1FD1}.Release|Any CPU.Build.0 = Release|Any CPU
		{522CB709-F116-4FD8-97CE-013AC349FC20}.Debug|Any CPU.ActiveCfg = Debug|Any CPU
		{522CB709-F116-4FD8-97CE-013AC349FC20}.Debug|Any CPU.Build.0 = Debug|Any CPU
		{522CB709-F116-4FD8-97CE-013AC349FC20}.Release|Any CPU.ActiveCfg = Release|Any CPU
		{522CB709-F116-4FD8-97CE-013AC349FC20}.Release|Any CPU.Build.0 = Release|Any CPU
		{9AB680C4-1068-4891-B53A-383C814568EF}.Debug|Any CPU.ActiveCfg = Debug|Any CPU
		{9AB680C4-1068-4891-B53A-383C814568EF}.Debug|Any CPU.Build.0 = Debug|Any CPU
		{9AB680C4-1068-4891-B53A-383C814568EF}.Release|Any CPU.ActiveCfg = Release|Any CPU
		{9AB680C4-1068-4891-B53A-383C814568EF}.Release|Any CPU.Build.0 = Release|Any CPU
		{9A3EED22-CD45-46F3-ABCB-4866433C9966}.Debug|Any CPU.ActiveCfg = Debug|Any CPU
		{9A3EED22-CD45-46F3-ABCB-4866433C9966}.Debug|Any CPU.Build.0 = Debug|Any CPU
		{9A3EED22-CD45-46F3-ABCB-4866433C9966}.Release|Any CPU.ActiveCfg = Release|Any CPU
		{9A3EED22-CD45-46F3-ABCB-4866433C9966}.Release|Any CPU.Build.0 = Release|Any CPU
		{B12F9AC1-8155-4266-B4A6-0115C8AF5525}.Debug|Any CPU.ActiveCfg = Debug|Any CPU
		{B12F9AC1-8155-4266-B4A6-0115C8AF5525}.Debug|Any CPU.Build.0 = Debug|Any CPU
		{B12F9AC1-8155-4266-B4A6-0115C8AF5525}.Release|Any CPU.ActiveCfg = Release|Any CPU
		{B12F9AC1-8155-4266-B4A6-0115C8AF5525}.Release|Any CPU.Build.0 = Release|Any CPU
		{1F76D9CA-8AD1-45F9-A9BA-5E91C474C593}.Debug|Any CPU.ActiveCfg = Debug|Any CPU
		{1F76D9CA-8AD1-45F9-A9BA-5E91C474C593}.Debug|Any CPU.Build.0 = Debug|Any CPU
		{1F76D9CA-8AD1-45F9-A9BA-5E91C474C593}.Release|Any CPU.ActiveCfg = Release|Any CPU
		{1F76D9CA-8AD1-45F9-A9BA-5E91C474C593}.Release|Any CPU.Build.0 = Release|Any CPU
		{AA08ABB0-085E-4222-B6BF-7A116C32DA62}.Debug|Any CPU.ActiveCfg = Debug|Any CPU
		{AA08ABB0-085E-4222-B6BF-7A116C32DA62}.Debug|Any CPU.Build.0 = Debug|Any CPU
		{AA08ABB0-085E-4222-B6BF-7A116C32DA62}.Release|Any CPU.ActiveCfg = Release|Any CPU
		{AA08ABB0-085E-4222-B6BF-7A116C32DA62}.Release|Any CPU.Build.0 = Release|Any CPU
		{CE5DE1C7-A09A-4491-9953-CB49EBE678F4}.Debug|Any CPU.ActiveCfg = Debug|Any CPU
		{CE5DE1C7-A09A-4491-9953-CB49EBE678F4}.Debug|Any CPU.Build.0 = Debug|Any CPU
		{CE5DE1C7-A09A-4491-9953-CB49EBE678F4}.Release|Any CPU.ActiveCfg = Release|Any CPU
		{CE5DE1C7-A09A-4491-9953-CB49EBE678F4}.Release|Any CPU.Build.0 = Release|Any CPU
		{84BB31ED-5F68-4040-BD7A-5B95288C4BF6}.Debug|Any CPU.ActiveCfg = Debug|Any CPU
		{84BB31ED-5F68-4040-BD7A-5B95288C4BF6}.Debug|Any CPU.Build.0 = Debug|Any CPU
		{84BB31ED-5F68-4040-BD7A-5B95288C4BF6}.Release|Any CPU.ActiveCfg = Release|Any CPU
		{84BB31ED-5F68-4040-BD7A-5B95288C4BF6}.Release|Any CPU.Build.0 = Release|Any CPU
		{61828CBB-2060-436E-B33E-E66E821631C8}.Debug|Any CPU.ActiveCfg = Debug|Any CPU
		{61828CBB-2060-436E-B33E-E66E821631C8}.Debug|Any CPU.Build.0 = Debug|Any CPU
		{61828CBB-2060-436E-B33E-E66E821631C8}.Release|Any CPU.ActiveCfg = Release|Any CPU
		{61828CBB-2060-436E-B33E-E66E821631C8}.Release|Any CPU.Build.0 = Release|Any CPU
		{79A8DC26-E3CA-4907-81D7-190F6041C3A5}.Debug|Any CPU.ActiveCfg = Debug|Any CPU
		{79A8DC26-E3CA-4907-81D7-190F6041C3A5}.Debug|Any CPU.Build.0 = Debug|Any CPU
		{79A8DC26-E3CA-4907-81D7-190F6041C3A5}.Release|Any CPU.ActiveCfg = Release|Any CPU
		{79A8DC26-E3CA-4907-81D7-190F6041C3A5}.Release|Any CPU.Build.0 = Release|Any CPU
	EndGlobalSection
	GlobalSection(SolutionProperties) = preSolution
		HideSolutionNode = FALSE
	EndGlobalSection
	GlobalSection(NestedProjects) = preSolution
		{5D8B4601-F16C-429D-A8BD-0B74442CE956} = {EC2B7A80-1A93-460C-A2B4-3AB0EA09FF0D}
		{601991E4-267C-4260-BE8E-356D83E7CF80} = {EC2B7A80-1A93-460C-A2B4-3AB0EA09FF0D}
		{136C836A-EF76-4D90-91C6-F3BE6937FB65} = {EC2B7A80-1A93-460C-A2B4-3AB0EA09FF0D}
		{CB86CFF7-9AB7-4638-9616-777717AC8576} = {EC2B7A80-1A93-460C-A2B4-3AB0EA09FF0D}
		{5FA4C616-8681-4841-A299-2DA174E1B98C} = {EC2B7A80-1A93-460C-A2B4-3AB0EA09FF0D}
		{EBEA3403-ED52-4913-8282-7788C75D1FD1} = {EC2B7A80-1A93-460C-A2B4-3AB0EA09FF0D}
		{ADA205C0-38EA-4808-B200-1D6F1B25016C} = {5FBBFBEC-BC79-4C5D-9881-D1C197857E22}
		{33955C24-D4D0-461F-9525-6C3F474F904A} = {ADA205C0-38EA-4808-B200-1D6F1B25016C}
		{522CB709-F116-4FD8-97CE-013AC349FC20} = {33955C24-D4D0-461F-9525-6C3F474F904A}
		{9AB680C4-1068-4891-B53A-383C814568EF} = {33955C24-D4D0-461F-9525-6C3F474F904A}
		{9A3EED22-CD45-46F3-ABCB-4866433C9966} = {33955C24-D4D0-461F-9525-6C3F474F904A}
		{B12F9AC1-8155-4266-B4A6-0115C8AF5525} = {33955C24-D4D0-461F-9525-6C3F474F904A}
		{1F76D9CA-8AD1-45F9-A9BA-5E91C474C593} = {33955C24-D4D0-461F-9525-6C3F474F904A}
		{AA08ABB0-085E-4222-B6BF-7A116C32DA62} = {33955C24-D4D0-461F-9525-6C3F474F904A}
		{CE5DE1C7-A09A-4491-9953-CB49EBE678F4} = {33955C24-D4D0-461F-9525-6C3F474F904A}
		{84BB31ED-5F68-4040-BD7A-5B95288C4BF6} = {33955C24-D4D0-461F-9525-6C3F474F904A}
		{61828CBB-2060-436E-B33E-E66E821631C8} = {BF5FF086-DB65-40CE-92B6-3511D10C6E36}
		{79A8DC26-E3CA-4907-81D7-190F6041C3A5} = {BF5FF086-DB65-40CE-92B6-3511D10C6E36}
	EndGlobalSection
EndGlobal
